// !$*UTF8*$!
{
	archiveVersion = 1;
	classes = {
	};
	objectVersion = 56;
	objects = {

/* Begin PBXBuildFile section */
		EE8FEAB72BC5CC74001DD899 /* RetirmentCalculatorApp.swift in Sources */ = {isa = PBXBuildFile; fileRef = EE8FEAB62BC5CC74001DD899 /* RetirmentCalculatorApp.swift */; };
		EE8FEAB92BC5CC74001DD899 /* ContentView.swift in Sources */ = {isa = PBXBuildFile; fileRef = EE8FEAB82BC5CC74001DD899 /* ContentView.swift */; };
		EE8FEABB2BC5CC74001DD899 /* Item.swift in Sources */ = {isa = PBXBuildFile; fileRef = EE8FEABA2BC5CC74001DD899 /* Item.swift */; };
		EE8FEABD2BC5CC76001DD899 /* Assets.xcassets in Resources */ = {isa = PBXBuildFile; fileRef = EE8FEABC2BC5CC76001DD899 /* Assets.xcassets */; };
		EE8FEAC02BC5CC76001DD899 /* Preview Assets.xcassets in Resources */ = {isa = PBXBuildFile; fileRef = EE8FEABF2BC5CC76001DD899 /* Preview Assets.xcassets */; };
		EE8FEACA2BC5CC76001DD899 /* RetirmentCalculatorTests.swift in Sources */ = {isa = PBXBuildFile; fileRef = EE8FEAC92BC5CC76001DD899 /* RetirmentCalculatorTests.swift */; };
		EE8FEAD42BC5CC76001DD899 /* RetirmentCalculatorUITests.swift in Sources */ = {isa = PBXBuildFile; fileRef = EE8FEAD32BC5CC76001DD899 /* RetirmentCalculatorUITests.swift */; };
		EE8FEAD62BC5CC76001DD899 /* RetirmentCalculatorUITestsLaunchTests.swift in Sources */ = {isa = PBXBuildFile; fileRef = EE8FEAD52BC5CC76001DD899 /* RetirmentCalculatorUITestsLaunchTests.swift */; };
/* End PBXBuildFile section */

/* Begin PBXContainerItemProxy section */
		EE8FEAC62BC5CC76001DD899 /* PBXContainerItemProxy */ = {
			isa = PBXContainerItemProxy;
			containerPortal = EE8FEAAB2BC5CC74001DD899 /* Project object */;
			proxyType = 1;
			remoteGlobalIDString = EE8FEAB22BC5CC74001DD899;
			remoteInfo = RetirmentCalculator;
		};
		EE8FEAD02BC5CC76001DD899 /* PBXContainerItemProxy */ = {
			isa = PBXContainerItemProxy;
			containerPortal = EE8FEAAB2BC5CC74001DD899 /* Project object */;
			proxyType = 1;
			remoteGlobalIDString = EE8FEAB22BC5CC74001DD899;
			remoteInfo = RetirmentCalculator;
		};
/* End PBXContainerItemProxy section */

/* Begin PBXFileReference section */
		EE8FEAB32BC5CC74001DD899 /* RetirmentCalculator.app */ = {isa = PBXFileReference; explicitFileType = wrapper.application; includeInIndex = 0; path = RetirmentCalculator.app; sourceTree = BUILT_PRODUCTS_DIR; };
		EE8FEAB62BC5CC74001DD899 /* RetirmentCalculatorApp.swift */ = {isa = PBXFileReference; lastKnownFileType = sourcecode.swift; path = RetirmentCalculatorApp.swift; sourceTree = "<group>"; };
		EE8FEAB82BC5CC74001DD899 /* ContentView.swift */ = {isa = PBXFileReference; lastKnownFileType = sourcecode.swift; path = ContentView.swift; sourceTree = "<group>"; };
		EE8FEABA2BC5CC74001DD899 /* Item.swift */ = {isa = PBXFileReference; lastKnownFileType = sourcecode.swift; path = Item.swift; sourceTree = "<group>"; };
		EE8FEABC2BC5CC76001DD899 /* Assets.xcassets */ = {isa = PBXFileReference; lastKnownFileType = folder.assetcatalog; path = Assets.xcassets; sourceTree = "<group>"; };
		EE8FEABF2BC5CC76001DD899 /* Preview Assets.xcassets */ = {isa = PBXFileReference; lastKnownFileType = folder.assetcatalog; path = "Preview Assets.xcassets"; sourceTree = "<group>"; };
		EE8FEAC52BC5CC76001DD899 /* RetirmentCalculatorTests.xctest */ = {isa = PBXFileReference; explicitFileType = wrapper.cfbundle; includeInIndex = 0; path = RetirmentCalculatorTests.xctest; sourceTree = BUILT_PRODUCTS_DIR; };
		EE8FEAC92BC5CC76001DD899 /* RetirmentCalculatorTests.swift */ = {isa = PBXFileReference; lastKnownFileType = sourcecode.swift; path = RetirmentCalculatorTests.swift; sourceTree = "<group>"; };
		EE8FEACF2BC5CC76001DD899 /* RetirmentCalculatorUITests.xctest */ = {isa = PBXFileReference; explicitFileType = wrapper.cfbundle; includeInIndex = 0; path = RetirmentCalculatorUITests.xctest; sourceTree = BUILT_PRODUCTS_DIR; };
		EE8FEAD32BC5CC76001DD899 /* RetirmentCalculatorUITests.swift */ = {isa = PBXFileReference; lastKnownFileType = sourcecode.swift; path = RetirmentCalculatorUITests.swift; sourceTree = "<group>"; };
		EE8FEAD52BC5CC76001DD899 /* RetirmentCalculatorUITestsLaunchTests.swift */ = {isa = PBXFileReference; lastKnownFileType = sourcecode.swift; path = RetirmentCalculatorUITestsLaunchTests.swift; sourceTree = "<group>"; };
/* End PBXFileReference section */

/* Begin PBXFrameworksBuildPhase section */
		EE8FEAB02BC5CC74001DD899 /* Frameworks */ = {
			isa = PBXFrameworksBuildPhase;
			buildActionMask = 2147483647;
			files = (
			);
			runOnlyForDeploymentPostprocessing = 0;
		};
		EE8FEAC22BC5CC76001DD899 /* Frameworks */ = {
			isa = PBXFrameworksBuildPhase;
			buildActionMask = 2147483647;
			files = (
			);
			runOnlyForDeploymentPostprocessing = 0;
		};
		EE8FEACC2BC5CC76001DD899 /* Frameworks */ = {
			isa = PBXFrameworksBuildPhase;
			buildActionMask = 2147483647;
			files = (
			);
			runOnlyForDeploymentPostprocessing = 0;
		};
/* End PBXFrameworksBuildPhase section */

/* Begin PBXGroup section */
		EE8FEAAA2BC5CC74001DD899 = {
			isa = PBXGroup;
			children = (
				EE8FEAB52BC5CC74001DD899 /* RetirmentCalculator */,
				EE8FEAC82BC5CC76001DD899 /* RetirmentCalculatorTests */,
				EE8FEAD22BC5CC76001DD899 /* RetirmentCalculatorUITests */,
				EE8FEAB42BC5CC74001DD899 /* Products */,
			);
			sourceTree = "<group>";
		};
		EE8FEAB42BC5CC74001DD899 /* Products */ = {
			isa = PBXGroup;
			children = (
				EE8FEAB32BC5CC74001DD899 /* RetirmentCalculator.app */,
				EE8FEAC52BC5CC76001DD899 /* RetirmentCalculatorTests.xctest */,
				EE8FEACF2BC5CC76001DD899 /* RetirmentCalculatorUITests.xctest */,
			);
			name = Products;
			sourceTree = "<group>";
		};
		EE8FEAB52BC5CC74001DD899 /* RetirmentCalculator */ = {
			isa = PBXGroup;
			children = (
				EE8FEAB62BC5CC74001DD899 /* RetirmentCalculatorApp.swift */,
				EE8FEAB82BC5CC74001DD899 /* ContentView.swift */,
				EE8FEABA2BC5CC74001DD899 /* Item.swift */,
				EE8FEABC2BC5CC76001DD899 /* Assets.xcassets */,
				EE8FEABE2BC5CC76001DD899 /* Preview Content */,
			);
			path = RetirmentCalculator;
			sourceTree = "<group>";
		};
		EE8FEABE2BC5CC76001DD899 /* Preview Content */ = {
			isa = PBXGroup;
			children = (
				EE8FEABF2BC5CC76001DD899 /* Preview Assets.xcassets */,
			);
			path = "Preview Content";
			sourceTree = "<group>";
		};
		EE8FEAC82BC5CC76001DD899 /* RetirmentCalculatorTests */ = {
			isa = PBXGroup;
			children = (
				EE8FEAC92BC5CC76001DD899 /* RetirmentCalculatorTests.swift */,
			);
			path = RetirmentCalculatorTests;
			sourceTree = "<group>";
		};
		EE8FEAD22BC5CC76001DD899 /* RetirmentCalculatorUITests */ = {
			isa = PBXGroup;
			children = (
				EE8FEAD32BC5CC76001DD899 /* RetirmentCalculatorUITests.swift */,
				EE8FEAD52BC5CC76001DD899 /* RetirmentCalculatorUITestsLaunchTests.swift */,
			);
			path = RetirmentCalculatorUITests;
			sourceTree = "<group>";
		};
/* End PBXGroup section */

/* Begin PBXNativeTarget section */
		EE8FEAB22BC5CC74001DD899 /* RetirmentCalculator */ = {
			isa = PBXNativeTarget;
			buildConfigurationList = EE8FEAD92BC5CC76001DD899 /* Build configuration list for PBXNativeTarget "RetirmentCalculator" */;
			buildPhases = (
				EE8FEAAF2BC5CC74001DD899 /* Sources */,
				EE8FEAB02BC5CC74001DD899 /* Frameworks */,
				EE8FEAB12BC5CC74001DD899 /* Resources */,
			);
			buildRules = (
			);
			dependencies = (
			);
			name = RetirmentCalculator;
			productName = RetirmentCalculator;
			productReference = EE8FEAB32BC5CC74001DD899 /* RetirmentCalculator.app */;
			productType = "com.apple.product-type.application";
		};
		EE8FEAC42BC5CC76001DD899 /* RetirmentCalculatorTests */ = {
			isa = PBXNativeTarget;
			buildConfigurationList = EE8FEADC2BC5CC76001DD899 /* Build configuration list for PBXNativeTarget "RetirmentCalculatorTests" */;
			buildPhases = (
				EE8FEAC12BC5CC76001DD899 /* Sources */,
				EE8FEAC22BC5CC76001DD899 /* Frameworks */,
				EE8FEAC32BC5CC76001DD899 /* Resources */,
			);
			buildRules = (
			);
			dependencies = (
				EE8FEAC72BC5CC76001DD899 /* PBXTargetDependency */,
			);
			name = RetirmentCalculatorTests;
			productName = RetirmentCalculatorTests;
			productReference = EE8FEAC52BC5CC76001DD899 /* RetirmentCalculatorTests.xctest */;
			productType = "com.apple.product-type.bundle.unit-test";
		};
		EE8FEACE2BC5CC76001DD899 /* RetirmentCalculatorUITests */ = {
			isa = PBXNativeTarget;
			buildConfigurationList = EE8FEADF2BC5CC76001DD899 /* Build configuration list for PBXNativeTarget "RetirmentCalculatorUITests" */;
			buildPhases = (
				EE8FEACB2BC5CC76001DD899 /* Sources */,
				EE8FEACC2BC5CC76001DD899 /* Frameworks */,
				EE8FEACD2BC5CC76001DD899 /* Resources */,
			);
			buildRules = (
			);
			dependencies = (
				EE8FEAD12BC5CC76001DD899 /* PBXTargetDependency */,
			);
			name = RetirmentCalculatorUITests;
			productName = RetirmentCalculatorUITests;
			productReference = EE8FEACF2BC5CC76001DD899 /* RetirmentCalculatorUITests.xctest */;
			productType = "com.apple.product-type.bundle.ui-testing";
		};
/* End PBXNativeTarget section */

/* Begin PBXProject section */
		EE8FEAAB2BC5CC74001DD899 /* Project object */ = {
			isa = PBXProject;
			attributes = {
				BuildIndependentTargetsInParallel = 1;
				LastSwiftUpdateCheck = 1530;
				LastUpgradeCheck = 1530;
				TargetAttributes = {
					EE8FEAB22BC5CC74001DD899 = {
						CreatedOnToolsVersion = 15.3;
					};
					EE8FEAC42BC5CC76001DD899 = {
						CreatedOnToolsVersion = 15.3;
						TestTargetID = EE8FEAB22BC5CC74001DD899;
					};
					EE8FEACE2BC5CC76001DD899 = {
						CreatedOnToolsVersion = 15.3;
						TestTargetID = EE8FEAB22BC5CC74001DD899;
					};
				};
			};
			buildConfigurationList = EE8FEAAE2BC5CC74001DD899 /* Build configuration list for PBXProject "RetirmentCalculator" */;
			compatibilityVersion = "Xcode 14.0";
			developmentRegion = en;
			hasScannedForEncodings = 0;
			knownRegions = (
				en,
				Base,
			);
			mainGroup = EE8FEAAA2BC5CC74001DD899;
			productRefGroup = EE8FEAB42BC5CC74001DD899 /* Products */;
			projectDirPath = "";
			projectRoot = "";
			targets = (
				EE8FEAB22BC5CC74001DD899 /* RetirmentCalculator */,
				EE8FEAC42BC5CC76001DD899 /* RetirmentCalculatorTests */,
				EE8FEACE2BC5CC76001DD899 /* RetirmentCalculatorUITests */,
			);
		};
/* End PBXProject section */

/* Begin PBXResourcesBuildPhase section */
		EE8FEAB12BC5CC74001DD899 /* Resources */ = {
			isa = PBXResourcesBuildPhase;
			buildActionMask = 2147483647;
			files = (
				EE8FEAC02BC5CC76001DD899 /* Preview Assets.xcassets in Resources */,
				EE8FEABD2BC5CC76001DD899 /* Assets.xcassets in Resources */,
			);
			runOnlyForDeploymentPostprocessing = 0;
		};
		EE8FEAC32BC5CC76001DD899 /* Resources */ = {
			isa = PBXResourcesBuildPhase;
			buildActionMask = 2147483647;
			files = (
			);
			runOnlyForDeploymentPostprocessing = 0;
		};
		EE8FEACD2BC5CC76001DD899 /* Resources */ = {
			isa = PBXResourcesBuildPhase;
			buildActionMask = 2147483647;
			files = (
			);
			runOnlyForDeploymentPostprocessing = 0;
		};
/* End PBXResourcesBuildPhase section */

/* Begin PBXSourcesBuildPhase section */
		EE8FEAAF2BC5CC74001DD899 /* Sources */ = {
			isa = PBXSourcesBuildPhase;
			buildActionMask = 2147483647;
			files = (
				EE8FEAB92BC5CC74001DD899 /* ContentView.swift in Sources */,
				EE8FEABB2BC5CC74001DD899 /* Item.swift in Sources */,
				EE8FEAB72BC5CC74001DD899 /* RetirmentCalculatorApp.swift in Sources */,
			);
			runOnlyForDeploymentPostprocessing = 0;
		};
		EE8FEAC12BC5CC76001DD899 /* Sources */ = {
			isa = PBXSourcesBuildPhase;
			buildActionMask = 2147483647;
			files = (
				EE8FEACA2BC5CC76001DD899 /* RetirmentCalculatorTests.swift in Sources */,
			);
			runOnlyForDeploymentPostprocessing = 0;
		};
		EE8FEACB2BC5CC76001DD899 /* Sources */ = {
			isa = PBXSourcesBuildPhase;
			buildActionMask = 2147483647;
			files = (
				EE8FEAD42BC5CC76001DD899 /* RetirmentCalculatorUITests.swift in Sources */,
				EE8FEAD62BC5CC76001DD899 /* RetirmentCalculatorUITestsLaunchTests.swift in Sources */,
			);
			runOnlyForDeploymentPostprocessing = 0;
		};
/* End PBXSourcesBuildPhase section */

/* Begin PBXTargetDependency section */
		EE8FEAC72BC5CC76001DD899 /* PBXTargetDependency */ = {
			isa = PBXTargetDependency;
			target = EE8FEAB22BC5CC74001DD899 /* RetirmentCalculator */;
			targetProxy = EE8FEAC62BC5CC76001DD899 /* PBXContainerItemProxy */;
		};
		EE8FEAD12BC5CC76001DD899 /* PBXTargetDependency */ = {
			isa = PBXTargetDependency;
			target = EE8FEAB22BC5CC74001DD899 /* RetirmentCalculator */;
			targetProxy = EE8FEAD02BC5CC76001DD899 /* PBXContainerItemProxy */;
		};
/* End PBXTargetDependency section */

/* Begin XCBuildConfiguration section */
		EE8FEAD72BC5CC76001DD899 /* Debug */ = {
			isa = XCBuildConfiguration;
			buildSettings = {
				ALWAYS_SEARCH_USER_PATHS = NO;
				ASSETCATALOG_COMPILER_GENERATE_SWIFT_ASSET_SYMBOL_EXTENSIONS = YES;
				CLANG_ANALYZER_NONNULL = YES;
				CLANG_ANALYZER_NUMBER_OBJECT_CONVERSION = YES_AGGRESSIVE;
				CLANG_CXX_LANGUAGE_STANDARD = "gnu++20";
				CLANG_ENABLE_MODULES = YES;
				CLANG_ENABLE_OBJC_ARC = YES;
				CLANG_ENABLE_OBJC_WEAK = YES;
				CLANG_WARN_BLOCK_CAPTURE_AUTORELEASING = YES;
				CLANG_WARN_BOOL_CONVERSION = YES;
				CLANG_WARN_COMMA = YES;
				CLANG_WARN_CONSTANT_CONVERSION = YES;
				CLANG_WARN_DEPRECATED_OBJC_IMPLEMENTATIONS = YES;
				CLANG_WARN_DIRECT_OBJC_ISA_USAGE = YES_ERROR;
				CLANG_WARN_DOCUMENTATION_COMMENTS = YES;
				CLANG_WARN_EMPTY_BODY = YES;
				CLANG_WARN_ENUM_CONVERSION = YES;
				CLANG_WARN_INFINITE_RECURSION = YES;
				CLANG_WARN_INT_CONVERSION = YES;
				CLANG_WARN_NON_LITERAL_NULL_CONVERSION = YES;
				CLANG_WARN_OBJC_IMPLICIT_RETAIN_SELF = YES;
				CLANG_WARN_OBJC_LITERAL_CONVERSION = YES;
				CLANG_WARN_OBJC_ROOT_CLASS = YES_ERROR;
				CLANG_WARN_QUOTED_INCLUDE_IN_FRAMEWORK_HEADER = YES;
				CLANG_WARN_RANGE_LOOP_ANALYSIS = YES;
				CLANG_WARN_STRICT_PROTOTYPES = YES;
				CLANG_WARN_SUSPICIOUS_MOVE = YES;
				CLANG_WARN_UNGUARDED_AVAILABILITY = YES_AGGRESSIVE;
				CLANG_WARN_UNREACHABLE_CODE = YES;
				CLANG_WARN__DUPLICATE_METHOD_MATCH = YES;
				COPY_PHASE_STRIP = NO;
				DEBUG_INFORMATION_FORMAT = dwarf;
				ENABLE_STRICT_OBJC_MSGSEND = YES;
				ENABLE_TESTABILITY = YES;
				ENABLE_USER_SCRIPT_SANDBOXING = YES;
				GCC_C_LANGUAGE_STANDARD = gnu17;
				GCC_DYNAMIC_NO_PIC = NO;
				GCC_NO_COMMON_BLOCKS = YES;
				GCC_OPTIMIZATION_LEVEL = 0;
				GCC_PREPROCESSOR_DEFINITIONS = (
					"DEBUG=1",
					"$(inherited)",
				);
				GCC_WARN_64_TO_32_BIT_CONVERSION = YES;
				GCC_WARN_ABOUT_RETURN_TYPE = YES_ERROR;
				GCC_WARN_UNDECLARED_SELECTOR = YES;
				GCC_WARN_UNINITIALIZED_AUTOS = YES_AGGRESSIVE;
				GCC_WARN_UNUSED_FUNCTION = YES;
				GCC_WARN_UNUSED_VARIABLE = YES;
				IPHONEOS_DEPLOYMENT_TARGET = 17.4;
				LOCALIZATION_PREFERS_STRING_CATALOGS = YES;
				MTL_ENABLE_DEBUG_INFO = INCLUDE_SOURCE;
				MTL_FAST_MATH = YES;
				ONLY_ACTIVE_ARCH = YES;
				SDKROOT = iphoneos;
				SWIFT_ACTIVE_COMPILATION_CONDITIONS = "DEBUG $(inherited)";
				SWIFT_OPTIMIZATION_LEVEL = "-Onone";
			};
			name = Debug;
		};
		EE8FEAD82BC5CC76001DD899 /* Release */ = {
			isa = XCBuildConfiguration;
			buildSettings = {
				ALWAYS_SEARCH_USER_PATHS = NO;
				ASSETCATALOG_COMPILER_GENERATE_SWIFT_ASSET_SYMBOL_EXTENSIONS = YES;
				CLANG_ANALYZER_NONNULL = YES;
				CLANG_ANALYZER_NUMBER_OBJECT_CONVERSION = YES_AGGRESSIVE;
				CLANG_CXX_LANGUAGE_STANDARD = "gnu++20";
				CLANG_ENABLE_MODULES = YES;
				CLANG_ENABLE_OBJC_ARC = YES;
				CLANG_ENABLE_OBJC_WEAK = YES;
				CLANG_WARN_BLOCK_CAPTURE_AUTORELEASING = YES;
				CLANG_WARN_BOOL_CONVERSION = YES;
				CLANG_WARN_COMMA = YES;
				CLANG_WARN_CONSTANT_CONVERSION = YES;
				CLANG_WARN_DEPRECATED_OBJC_IMPLEMENTATIONS = YES;
				CLANG_WARN_DIRECT_OBJC_ISA_USAGE = YES_ERROR;
				CLANG_WARN_DOCUMENTATION_COMMENTS = YES;
				CLANG_WARN_EMPTY_BODY = YES;
				CLANG_WARN_ENUM_CONVERSION = YES;
				CLANG_WARN_INFINITE_RECURSION = YES;
				CLANG_WARN_INT_CONVERSION = YES;
				CLANG_WARN_NON_LITERAL_NULL_CONVERSION = YES;
				CLANG_WARN_OBJC_IMPLICIT_RETAIN_SELF = YES;
				CLANG_WARN_OBJC_LITERAL_CONVERSION = YES;
				CLANG_WARN_OBJC_ROOT_CLASS = YES_ERROR;
				CLANG_WARN_QUOTED_INCLUDE_IN_FRAMEWORK_HEADER = YES;
				CLANG_WARN_RANGE_LOOP_ANALYSIS = YES;
				CLANG_WARN_STRICT_PROTOTYPES = YES;
				CLANG_WARN_SUSPICIOUS_MOVE = YES;
				CLANG_WARN_UNGUARDED_AVAILABILITY = YES_AGGRESSIVE;
				CLANG_WARN_UNREACHABLE_CODE = YES;
				CLANG_WARN__DUPLICATE_METHOD_MATCH = YES;
				COPY_PHASE_STRIP = NO;
				DEBUG_INFORMATION_FORMAT = "dwarf-with-dsym";
				ENABLE_NS_ASSERTIONS = NO;
				ENABLE_STRICT_OBJC_MSGSEND = YES;
				ENABLE_USER_SCRIPT_SANDBOXING = YES;
				GCC_C_LANGUAGE_STANDARD = gnu17;
				GCC_NO_COMMON_BLOCKS = YES;
				GCC_WARN_64_TO_32_BIT_CONVERSION = YES;
				GCC_WARN_ABOUT_RETURN_TYPE = YES_ERROR;
				GCC_WARN_UNDECLARED_SELECTOR = YES;
				GCC_WARN_UNINITIALIZED_AUTOS = YES_AGGRESSIVE;
				GCC_WARN_UNUSED_FUNCTION = YES;
				GCC_WARN_UNUSED_VARIABLE = YES;
				IPHONEOS_DEPLOYMENT_TARGET = 17.4;
				LOCALIZATION_PREFERS_STRING_CATALOGS = YES;
				MTL_ENABLE_DEBUG_INFO = NO;
				MTL_FAST_MATH = YES;
				SDKROOT = iphoneos;
				SWIFT_COMPILATION_MODE = wholemodule;
				VALIDATE_PRODUCT = YES;
			};
			name = Release;
		};
		EE8FEADA2BC5CC76001DD899 /* Debug */ = {
			isa = XCBuildConfiguration;
			buildSettings = {
				ASSETCATALOG_COMPILER_APPICON_NAME = AppIcon;
				ASSETCATALOG_COMPILER_GLOBAL_ACCENT_COLOR_NAME = AccentColor;
				CODE_SIGN_STYLE = Automatic;
				CURRENT_PROJECT_VERSION = 1;
				DEVELOPMENT_ASSET_PATHS = "\"RetirmentCalculator/Preview Content\"";
				DEVELOPMENT_TEAM = 9QASH6QZ2H;
				ENABLE_PREVIEWS = YES;
				GENERATE_INFOPLIST_FILE = YES;
				INFOPLIST_KEY_UIApplicationSceneManifest_Generation = YES;
				INFOPLIST_KEY_UIApplicationSupportsIndirectInputEvents = YES;
				INFOPLIST_KEY_UILaunchScreen_Generation = YES;
				INFOPLIST_KEY_UISupportedInterfaceOrientations_iPad = "UIInterfaceOrientationPortrait UIInterfaceOrientationPortraitUpsideDown UIInterfaceOrientationLandscapeLeft UIInterfaceOrientationLandscapeRight";
				INFOPLIST_KEY_UISupportedInterfaceOrientations_iPhone = "UIInterfaceOrientationPortrait UIInterfaceOrientationLandscapeLeft UIInterfaceOrientationLandscapeRight";
				LD_RUNPATH_SEARCH_PATHS = (
					"$(inherited)",
					"@executable_path/Frameworks",
				);
				MARKETING_VERSION = 1.0;
				PRODUCT_BUNDLE_IDENTIFIER = "com.william-santos.RetirmentCalculator";
				PRODUCT_NAME = "$(TARGET_NAME)";
				SWIFT_EMIT_LOC_STRINGS = YES;
				SWIFT_VERSION = 5.0;
				TARGETED_DEVICE_FAMILY = "1,2";
			};
			name = Debug;
		};
		EE8FEADB2BC5CC76001DD899 /* Release */ = {
			isa = XCBuildConfiguration;
			buildSettings = {
				ASSETCATALOG_COMPILER_APPICON_NAME = AppIcon;
				ASSETCATALOG_COMPILER_GLOBAL_ACCENT_COLOR_NAME = AccentColor;
				CODE_SIGN_STYLE = Automatic;
				CURRENT_PROJECT_VERSION = 1;
				DEVELOPMENT_ASSET_PATHS = "\"RetirmentCalculator/Preview Content\"";
				DEVELOPMENT_TEAM = 9QASH6QZ2H;
				ENABLE_PREVIEWS = YES;
				GENERATE_INFOPLIST_FILE = YES;
				INFOPLIST_KEY_UIApplicationSceneManifest_Generation = YES;
				INFOPLIST_KEY_UIApplicationSupportsIndirectInputEvents = YES;
				INFOPLIST_KEY_UILaunchScreen_Generation = YES;
				INFOPLIST_KEY_UISupportedInterfaceOrientations_iPad = "UIInterfaceOrientationPortrait UIInterfaceOrientationPortraitUpsideDown UIInterfaceOrientationLandscapeLeft UIInterfaceOrientationLandscapeRight";
				INFOPLIST_KEY_UISupportedInterfaceOrientations_iPhone = "UIInterfaceOrientationPortrait UIInterfaceOrientationLandscapeLeft UIInterfaceOrientationLandscapeRight";
				LD_RUNPATH_SEARCH_PATHS = (
					"$(inherited)",
					"@executable_path/Frameworks",
				);
				MARKETING_VERSION = 1.0;
				PRODUCT_BUNDLE_IDENTIFIER = "com.william-santos.RetirmentCalculator";
				PRODUCT_NAME = "$(TARGET_NAME)";
				SWIFT_EMIT_LOC_STRINGS = YES;
				SWIFT_VERSION = 5.0;
				TARGETED_DEVICE_FAMILY = "1,2";
			};
			name = Release;
		};
		EE8FEADD2BC5CC76001DD899 /* Debug */ = {
			isa = XCBuildConfiguration;
			buildSettings = {
				ALWAYS_EMBED_SWIFT_STANDARD_LIBRARIES = YES;
				BUNDLE_LOADER = "$(TEST_HOST)";
				CODE_SIGN_STYLE = Automatic;
				CURRENT_PROJECT_VERSION = 1;
				DEVELOPMENT_TEAM = 9QASH6QZ2H;
				GENERATE_INFOPLIST_FILE = YES;
				IPHONEOS_DEPLOYMENT_TARGET = 17.4;
				MARKETING_VERSION = 1.0;
				PRODUCT_BUNDLE_IDENTIFIER = "com.william-santos.RetirmentCalculatorTests";
				PRODUCT_NAME = "$(TARGET_NAME)";
				SWIFT_EMIT_LOC_STRINGS = NO;
				SWIFT_VERSION = 5.0;
				TARGETED_DEVICE_FAMILY = "1,2";
				TEST_HOST = "$(BUILT_PRODUCTS_DIR)/RetirmentCalculator.app/$(BUNDLE_EXECUTABLE_FOLDER_PATH)/RetirmentCalculator";
			};
			name = Debug;
		};
		EE8FEADE2BC5CC76001DD899 /* Release */ = {
			isa = XCBuildConfiguration;
			buildSettings = {
				ALWAYS_EMBED_SWIFT_STANDARD_LIBRARIES = YES;
				BUNDLE_LOADER = "$(TEST_HOST)";
				CODE_SIGN_STYLE = Automatic;
				CURRENT_PROJECT_VERSION = 1;
				DEVELOPMENT_TEAM = 9QASH6QZ2H;
				GENERATE_INFOPLIST_FILE = YES;
				IPHONEOS_DEPLOYMENT_TARGET = 17.4;
				MARKETING_VERSION = 1.0;
				PRODUCT_BUNDLE_IDENTIFIER = "com.william-santos.RetirmentCalculatorTests";
				PRODUCT_NAME = "$(TARGET_NAME)";
				SWIFT_EMIT_LOC_STRINGS = NO;
				SWIFT_VERSION = 5.0;
				TARGETED_DEVICE_FAMILY = "1,2";
				TEST_HOST = "$(BUILT_PRODUCTS_DIR)/RetirmentCalculator.app/$(BUNDLE_EXECUTABLE_FOLDER_PATH)/RetirmentCalculator";
			};
			name = Release;
		};
		EE8FEAE02BC5CC76001DD899 /* Debug */ = {
			isa = XCBuildConfiguration;
			buildSettings = {
				ALWAYS_EMBED_SWIFT_STANDARD_LIBRARIES = YES;
				CODE_SIGN_STYLE = Automatic;
				CURRENT_PROJECT_VERSION = 1;
				DEVELOPMENT_TEAM = 9QASH6QZ2H;
				GENERATE_INFOPLIST_FILE = YES;
				MARKETING_VERSION = 1.0;
				PRODUCT_BUNDLE_IDENTIFIER = "com.william-santos.RetirmentCalculatorUITests";
				PRODUCT_NAME = "$(TARGET_NAME)";
				SWIFT_EMIT_LOC_STRINGS = NO;
				SWIFT_VERSION = 5.0;
				TARGETED_DEVICE_FAMILY = "1,2";
				TEST_TARGET_NAME = RetirmentCalculator;
			};
			name = Debug;
		};
		EE8FEAE12BC5CC76001DD899 /* Release */ = {
			isa = XCBuildConfiguration;
			buildSettings = {
				ALWAYS_EMBED_SWIFT_STANDARD_LIBRARIES = YES;
				CODE_SIGN_STYLE = Automatic;
				CURRENT_PROJECT_VERSION = 1;
				DEVELOPMENT_TEAM = 9QASH6QZ2H;
				GENERATE_INFOPLIST_FILE = YES;
				MARKETING_VERSION = 1.0;
				PRODUCT_BUNDLE_IDENTIFIER = "com.william-santos.RetirmentCalculatorUITests";
				PRODUCT_NAME = "$(TARGET_NAME)";
				SWIFT_EMIT_LOC_STRINGS = NO;
				SWIFT_VERSION = 5.0;
				TARGETED_DEVICE_FAMILY = "1,2";
				TEST_TARGET_NAME = RetirmentCalculator;
			};
			name = Release;
		};
/* End XCBuildConfiguration section */

/* Begin XCConfigurationList section */
		EE8FEAAE2BC5CC74001DD899 /* Build configuration list for PBXProject "RetirmentCalculator" */ = {
			isa = XCConfigurationList;
			buildConfigurations = (
				EE8FEAD72BC5CC76001DD899 /* Debug */,
				EE8FEAD82BC5CC76001DD899 /* Release */,
			);
			defaultConfigurationIsVisible = 0;
			defaultConfigurationName = Release;
		};
		EE8FEAD92BC5CC76001DD899 /* Build configuration list for PBXNativeTarget "RetirmentCalculator" */ = {
			isa = XCConfigurationList;
			buildConfigurations = (
				EE8FEADA2BC5CC76001DD899 /* Debug */,
				EE8FEADB2BC5CC76001DD899 /* Release */,
			);
			defaultConfigurationIsVisible = 0;
			defaultConfigurationName = Release;
		};
		EE8FEADC2BC5CC76001DD899 /* Build configuration list for PBXNativeTarget "RetirmentCalculatorTests" */ = {
			isa = XCConfigurationList;
			buildConfigurations = (
				EE8FEADD2BC5CC76001DD899 /* Debug */,
				EE8FEADE2BC5CC76001DD899 /* Release */,
			);
			defaultConfigurationIsVisible = 0;
			defaultConfigurationName = Release;
		};
		EE8FEADF2BC5CC76001DD899 /* Build configuration list for PBXNativeTarget "RetirmentCalculatorUITests" */ = {
			isa = XCConfigurationList;
			buildConfigurations = (
				EE8FEAE02BC5CC76001DD899 /* Debug */,
				EE8FEAE12BC5CC76001DD899 /* Release */,
			);
			defaultConfigurationIsVisible = 0;
			defaultConfigurationName = Release;
		};
/* End XCConfigurationList section */
	};
	rootObject = EE8FEAAB2BC5CC74001DD899 /* Project object */;
}
